// !$*UTF8*$!
{
	archiveVersion = 1;
	classes = {
	};
	objectVersion = 46;
	objects = {

/* Begin PBXBuildFile section */
		3362EC7F1C0DEF1300558108 /* Restaurant.swift in Sources */ = {isa = PBXBuildFile; fileRef = 3362EC7E1C0DEF1300558108 /* Restaurant.swift */; };
		3362EC811C0E10A700558108 /* RestaurantManager.swift in Sources */ = {isa = PBXBuildFile; fileRef = 3362EC801C0E10A700558108 /* RestaurantManager.swift */; };
		337FB4DB1C0DA84D00F6635D /* AppDelegate.swift in Sources */ = {isa = PBXBuildFile; fileRef = 337FB4DA1C0DA84D00F6635D /* AppDelegate.swift */; };
		337FB4DD1C0DA84D00F6635D /* ViewController.swift in Sources */ = {isa = PBXBuildFile; fileRef = 337FB4DC1C0DA84D00F6635D /* ViewController.swift */; };
		337FB4E01C0DA84D00F6635D /* Main.storyboard in Resources */ = {isa = PBXBuildFile; fileRef = 337FB4DE1C0DA84D00F6635D /* Main.storyboard */; };
		337FB4E21C0DA84D00F6635D /* Assets.xcassets in Resources */ = {isa = PBXBuildFile; fileRef = 337FB4E11C0DA84D00F6635D /* Assets.xcassets */; };
		337FB4E51C0DA84D00F6635D /* LaunchScreen.storyboard in Resources */ = {isa = PBXBuildFile; fileRef = 337FB4E31C0DA84D00F6635D /* LaunchScreen.storyboard */; };
/* End PBXBuildFile section */

/* Begin PBXFileReference section */
		3362EC7E1C0DEF1300558108 /* Restaurant.swift */ = {isa = PBXFileReference; fileEncoding = 4; lastKnownFileType = sourcecode.swift; path = Restaurant.swift; sourceTree = "<group>"; };
		3362EC801C0E10A700558108 /* RestaurantManager.swift */ = {isa = PBXFileReference; fileEncoding = 4; lastKnownFileType = sourcecode.swift; path = RestaurantManager.swift; sourceTree = "<group>"; };
		337FB4D71C0DA84D00F6635D /* Restos.app */ = {isa = PBXFileReference; explicitFileType = wrapper.application; includeInIndex = 0; path = Restos.app; sourceTree = BUILT_PRODUCTS_DIR; };
		337FB4DA1C0DA84D00F6635D /* AppDelegate.swift */ = {isa = PBXFileReference; lastKnownFileType = sourcecode.swift; path = AppDelegate.swift; sourceTree = "<group>"; };
		337FB4DC1C0DA84D00F6635D /* ViewController.swift */ = {isa = PBXFileReference; lastKnownFileType = sourcecode.swift; path = ViewController.swift; sourceTree = "<group>"; };
		337FB4DF1C0DA84D00F6635D /* Base */ = {isa = PBXFileReference; lastKnownFileType = file.storyboard; name = Base; path = Base.lproj/Main.storyboard; sourceTree = "<group>"; };
		337FB4E11C0DA84D00F6635D /* Assets.xcassets */ = {isa = PBXFileReference; lastKnownFileType = folder.assetcatalog; path = Assets.xcassets; sourceTree = "<group>"; };
		337FB4E41C0DA84D00F6635D /* Base */ = {isa = PBXFileReference; lastKnownFileType = file.storyboard; name = Base; path = Base.lproj/LaunchScreen.storyboard; sourceTree = "<group>"; };
		337FB4E61C0DA84D00F6635D /* Info.plist */ = {isa = PBXFileReference; lastKnownFileType = text.plist.xml; path = Info.plist; sourceTree = "<group>"; };
/* End PBXFileReference section */

/* Begin PBXFrameworksBuildPhase section */
		337FB4D41C0DA84D00F6635D /* Frameworks */ = {
			isa = PBXFrameworksBuildPhase;
			buildActionMask = 2147483647;
			files = (
			);
			runOnlyForDeploymentPostprocessing = 0;
		};
/* End PBXFrameworksBuildPhase section */

/* Begin PBXGroup section */
		3362EC821C0E10AF00558108 /* Model */ = {
			isa = PBXGroup;
			children = (
				3362EC7E1C0DEF1300558108 /* Restaurant.swift */,
				3362EC801C0E10A700558108 /* RestaurantManager.swift */,
			);
			name = Model;
			sourceTree = "<group>";
		};
		3362EC831C0E10C700558108 /* Controllers */ = {
			isa = PBXGroup;
			children = (
				337FB4DC1C0DA84D00F6635D /* ViewController.swift */,
			);
			name = Controllers;
			sourceTree = "<group>";
		};
		337FB4CE1C0DA84C00F6635D = {
			isa = PBXGroup;
			children = (
				337FB4D91C0DA84D00F6635D /* Restos */,
				337FB4D81C0DA84D00F6635D /* Products */,
			);
			sourceTree = "<group>";
		};
		337FB4D81C0DA84D00F6635D /* Products */ = {
			isa = PBXGroup;
			children = (
				337FB4D71C0DA84D00F6635D /* Restos.app */,
			);
			name = Products;
			sourceTree = "<group>";
		};
		337FB4D91C0DA84D00F6635D /* Restos */ = {
			isa = PBXGroup;
			children = (
				3362EC821C0E10AF00558108 /* Model */,
				3362EC831C0E10C700558108 /* Controllers */,
				337FB4DA1C0DA84D00F6635D /* AppDelegate.swift */,
				337FB4DE1C0DA84D00F6635D /* Main.storyboard */,
				337FB4E11C0DA84D00F6635D /* Assets.xcassets */,
				337FB4E31C0DA84D00F6635D /* LaunchScreen.storyboard */,
				337FB4E61C0DA84D00F6635D /* Info.plist */,
			);
			path = Restos;
			sourceTree = "<group>";
		};
/* End PBXGroup section */

/* Begin PBXNativeTarget section */
		337FB4D61C0DA84D00F6635D /* Restos */ = {
			isa = PBXNativeTarget;
			buildConfigurationList = 337FB4E91C0DA84D00F6635D /* Build configuration list for PBXNativeTarget "Restos" */;
			buildPhases = (
				337FB4D31C0DA84D00F6635D /* Sources */,
				337FB4D41C0DA84D00F6635D /* Frameworks */,
				337FB4D51C0DA84D00F6635D /* Resources */,
			);
			buildRules = (
			);
			dependencies = (
			);
			name = Restos;
			productName = Restos;
			productReference = 337FB4D71C0DA84D00F6635D /* Restos.app */;
			productType = "com.apple.product-type.application";
		};
/* End PBXNativeTarget section */

/* Begin PBXProject section */
		337FB4CF1C0DA84C00F6635D /* Project object */ = {
			isa = PBXProject;
			attributes = {
				LastSwiftUpdateCheck = 0710;
				LastUpgradeCheck = 0710;
				ORGANIZATIONNAME = "Tec-Tec";
				TargetAttributes = {
					337FB4D61C0DA84D00F6635D = {
						CreatedOnToolsVersion = 7.1;
					};
				};
			};
			buildConfigurationList = 337FB4D21C0DA84C00F6635D /* Build configuration list for PBXProject "Restos" */;
			compatibilityVersion = "Xcode 3.2";
			developmentRegion = English;
			hasScannedForEncodings = 0;
			knownRegions = (
				en,
				Base,
			);
			mainGroup = 337FB4CE1C0DA84C00F6635D;
			productRefGroup = 337FB4D81C0DA84D00F6635D /* Products */;
			projectDirPath = "";
			projectRoot = "";
			targets = (
				337FB4D61C0DA84D00F6635D /* Restos */,
			);
		};
/* End PBXProject section */

/* Begin PBXResourcesBuildPhase section */
		337FB4D51C0DA84D00F6635D /* Resources */ = {
			isa = PBXResourcesBuildPhase;
			buildActionMask = 2147483647;
			files = (
				337FB4E51C0DA84D00F6635D /* LaunchScreen.storyboard in Resources */,
				337FB4E21C0DA84D00F6635D /* Assets.xcassets in Resources */,
				337FB4E01C0DA84D00F6635D /* Main.storyboard in Resources */,
			);
			runOnlyForDeploymentPostprocessing = 0;
		};
/* End PBXResourcesBuildPhase section */

/* Begin PBXSourcesBuildPhase section */
		337FB4D31C0DA84D00F6635D /* Sources */ = {
			isa = PBXSourcesBuildPhase;
			buildActionMask = 2147483647;
			files = (
				337FB4DD1C0DA84D00F6635D /* ViewController.swift in Sources */,
				337FB4DB1C0DA84D00F6635D /* AppDelegate.swift in Sources */,
				3362EC811C0E10A700558108 /* RestaurantManager.swift in Sources */,
				3362EC7F1C0DEF1300558108 /* Restaurant.swift in Sources */,
			);
			runOnlyForDeploymentPostprocessing = 0;
		};
/* End PBXSourcesBuildPhase section */

/* Begin PBXVariantGroup section */
		337FB4DE1C0DA84D00F6635D /* Main.storyboard */ = {
			isa = PBXVariantGroup;
			children = (
				337FB4DF1C0DA84D00F6635D /* Base */,
			);
			name = Main.storyboard;
			sourceTree = "<group>";
		};
		337FB4E31C0DA84D00F6635D /* LaunchScreen.storyboard */ = {
			isa = PBXVariantGroup;
			children = (
				337FB4E41C0DA84D00F6635D /* Base */,
			);
			name = LaunchScreen.storyboard;
			sourceTree = "<group>";
		};
/* End PBXVariantGroup section */

/* Begin XCBuildConfiguration section */
		337FB4E71C0DA84D00F6635D /* Debug */ = {
			isa = XCBuildConfiguration;
			buildSettings = {
				ALWAYS_SEARCH_USER_PATHS = NO;
				CLANG_CXX_LANGUAGE_STANDARD = "gnu++0x";
				CLANG_CXX_LIBRARY = "libc++";
				CLANG_ENABLE_MODULES = YES;
				CLANG_ENABLE_OBJC_ARC = YES;
				CLANG_WARN_BOOL_CONVERSION = YES;
				CLANG_WARN_CONSTANT_CONVERSION = YES;
				CLANG_WARN_DIRECT_OBJC_ISA_USAGE = YES_ERROR;
				CLANG_WARN_EMPTY_BODY = YES;
				CLANG_WARN_ENUM_CONVERSION = YES;
				CLANG_WARN_INT_CONVERSION = YES;
				CLANG_WARN_OBJC_ROOT_CLASS = YES_ERROR;
				CLANG_WARN_UNREACHABLE_CODE = YES;
				CLANG_WARN__DUPLICATE_METHOD_MATCH = YES;
				"CODE_SIGN_IDENTITY[sdk=iphoneos*]" = "iPhone Developer";
				COPY_PHASE_STRIP = NO;
				DEBUG_INFORMATION_FORMAT = dwarf;
				ENABLE_STRICT_OBJC_MSGSEND = YES;
				ENABLE_TESTABILITY = YES;
				GCC_C_LANGUAGE_STANDARD = gnu99;
				GCC_DYNAMIC_NO_PIC = NO;
				GCC_NO_COMMON_BLOCKS = YES;
				GCC_OPTIMIZATION_LEVEL = 0;
				GCC_PREPROCESSOR_DEFINITIONS = (
					"DEBUG=1",
					"$(inherited)",
				);
				GCC_WARN_64_TO_32_BIT_CONVERSION = YES;
				GCC_WARN_ABOUT_RETURN_TYPE = YES_ERROR;
				GCC_WARN_UNDECLARED_SELECTOR = YES;
				GCC_WARN_UNINITIALIZED_AUTOS = YES_AGGRESSIVE;
				GCC_WARN_UNUSED_FUNCTION = YES;
				GCC_WARN_UNUSED_VARIABLE = YES;
				IPHONEOS_DEPLOYMENT_TARGET = 9.1;
				MTL_ENABLE_DEBUG_INFO = YES;
				ONLY_ACTIVE_ARCH = YES;
				SDKROOT = iphoneos;
				SWIFT_OPTIMIZATION_LEVEL = "-Onone";
				TARGETED_DEVICE_FAMILY = "1,2";
			};
			name = Debug;
		};
		337FB4E81C0DA84D00F6635D /* Release */ = {
			isa = XCBuildConfiguration;
			buildSettings = {
				ALWAYS_SEARCH_USER_PATHS = NO;
				CLANG_CXX_LANGUAGE_STANDARD = "gnu++0x";
				CLANG_CXX_LIBRARY = "libc++";
				CLANG_ENABLE_MODULES = YES;
				CLANG_ENABLE_OBJC_ARC = YES;
				CLANG_WARN_BOOL_CONVERSION = YES;
				CLANG_WARN_CONSTANT_CONVERSION = YES;
				CLANG_WARN_DIRECT_OBJC_ISA_USAGE = YES_ERROR;
				CLANG_WARN_EMPTY_BODY = YES;
				CLANG_WARN_ENUM_CONVERSION = YES;
				CLANG_WARN_INT_CONVERSION = YES;
				CLANG_WARN_OBJC_ROOT_CLASS = YES_ERROR;
				CLANG_WARN_UNREACHABLE_CODE = YES;
				CLANG_WARN__DUPLICATE_METHOD_MATCH = YES;
				"CODE_SIGN_IDENTITY[sdk=iphoneos*]" = "iPhone Developer";
				COPY_PHASE_STRIP = NO;
				DEBUG_INFORMATION_FORMAT = "dwarf-with-dsym";
				ENABLE_NS_ASSERTIONS = NO;
				ENABLE_STRICT_OBJC_MSGSEND = YES;
				GCC_C_LANGUAGE_STANDARD = gnu99;
				GCC_NO_COMMON_BLOCKS = YES;
				GCC_WARN_64_TO_32_BIT_CONVERSION = YES;
				GCC_WARN_ABOUT_RETURN_TYPE = YES_ERROR;
				GCC_WARN_UNDECLARED_SELECTOR = YES;
				GCC_WARN_UNINITIALIZED_AUTOS = YES_AGGRESSIVE;
				GCC_WARN_UNUSED_FUNCTION = YES;
				GCC_WARN_UNUSED_VARIABLE = YES;
				IPHONEOS_DEPLOYMENT_TARGET = 9.1;
				MTL_ENABLE_DEBUG_INFO = NO;
				SDKROOT = iphoneos;
				TARGETED_DEVICE_FAMILY = "1,2";
				VALIDATE_PRODUCT = YES;
			};
			name = Release;
		};
		337FB4EA1C0DA84D00F6635D /* Debug */ = {
			isa = XCBuildConfiguration;
			buildSettings = {
				ASSETCATALOG_COMPILER_APPICON_NAME = AppIcon;
				INFOPLIST_FILE = Restos/Info.plist;
				LD_RUNPATH_SEARCH_PATHS = "$(inherited) @executable_path/Frameworks";
				PRODUCT_BUNDLE_IDENTIFIER = com.tectec.Restos;
				PRODUCT_NAME = "$(TARGET_NAME)";
			};
			name = Debug;
		};
		337FB4EB1C0DA84D00F6635D /* Release */ = {
			isa = XCBuildConfiguration;
			buildSettings = {
				ASSETCATALOG_COMPILER_APPICON_NAME = AppIcon;
				INFOPLIST_FILE = Restos/Info.plist;
				LD_RUNPATH_SEARCH_PATHS = "$(inherited) @executable_path/Frameworks";
				PRODUCT_BUNDLE_IDENTIFIER = com.tectec.Restos;
				PRODUCT_NAME = "$(TARGET_NAME)";
			};
			name = Release;
		};
/* End XCBuildConfiguration section */

/* Begin XCConfigurationList section */
		337FB4D21C0DA84C00F6635D /* Build configuration list for PBXProject "Restos" */ = {
			isa = XCConfigurationList;
			buildConfigurations = (
				337FB4E71C0DA84D00F6635D /* Debug */,
				337FB4E81C0DA84D00F6635D /* Release */,
			);
			defaultConfigurationIsVisible = 0;
			defaultConfigurationName = Release;
		};
		337FB4E91C0DA84D00F6635D /* Build configuration list for PBXNativeTarget "Restos" */ = {
			isa = XCConfigurationList;
			buildConfigurations = (
				337FB4EA1C0DA84D00F6635D /* Debug */,
				337FB4EB1C0DA84D00F6635D /* Release */,
			);
			defaultConfigurationIsVisible = 0;
			defaultConfigurationName = Release;
		};
/* End XCConfigurationList section */
	};
	rootObject = 337FB4CF1C0DA84C00F6635D /* Project object */;
}
